<Solution>
  <Project Path="StockManager.API/StockManager.API.csproj" />
  <Project Path="StockManager.Application/StockManager.Application.csproj" />
  <Project Path="StockManager.CrossCutting/StockManager.CrossCutting.csproj" />
  <Project Path="StockManager.Domain/StockManager.Domain.csproj" />
  <Project Path="StockManager.Infrastructure/StockManager.Infrastructure.csproj" />
  <Project Path="StockManager.Tests/StockManager.Tests.csproj" />
</Solution>
